// !$*UTF8*$!
{
	archiveVersion = 1;
	classes = {
	};
	objectVersion = 56;
	objects = {

/* Begin PBXBuildFile section */
		0BAE17882B9A891E0012216B /* AppDelegate.swift in Sources */ = {isa = PBXBuildFile; fileRef = 0BAE17872B9A891E0012216B /* AppDelegate.swift */; };
		0BAE178A2B9A891E0012216B /* SceneDelegate.swift in Sources */ = {isa = PBXBuildFile; fileRef = 0BAE17892B9A891E0012216B /* SceneDelegate.swift */; };
		0BAE178C2B9A891E0012216B /* ViewController.swift in Sources */ = {isa = PBXBuildFile; fileRef = 0BAE178B2B9A891E0012216B /* ViewController.swift */; };
		0BAE178F2B9A891E0012216B /* Main.storyboard in Resources */ = {isa = PBXBuildFile; fileRef = 0BAE178D2B9A891E0012216B /* Main.storyboard */; };
		0BAE17912B9A89200012216B /* Assets.xcassets in Resources */ = {isa = PBXBuildFile; fileRef = 0BAE17902B9A89200012216B /* Assets.xcassets */; };
		0BAE17942B9A89200012216B /* LaunchScreen.storyboard in Resources */ = {isa = PBXBuildFile; fileRef = 0BAE17922B9A89200012216B /* LaunchScreen.storyboard */; };
		0BAE179F2B9A8EE70012216B /* WeatherTableViewCell.swift in Sources */ = {isa = PBXBuildFile; fileRef = 0BAE179D2B9A8EE70012216B /* WeatherTableViewCell.swift */; };
		0BAE17A02B9A8EE70012216B /* WeatherTableViewCell.xib in Resources */ = {isa = PBXBuildFile; fileRef = 0BAE179E2B9A8EE70012216B /* WeatherTableViewCell.xib */; };
		0BAE17A32B9A8EFE0012216B /* HourlyTableViewCell.swift in Sources */ = {isa = PBXBuildFile; fileRef = 0BAE17A12B9A8EFE0012216B /* HourlyTableViewCell.swift */; };
		0BAE17A42B9A8EFE0012216B /* HourlyTableViewCell.xib in Resources */ = {isa = PBXBuildFile; fileRef = 0BAE17A22B9A8EFE0012216B /* HourlyTableViewCell.xib */; };
/* End PBXBuildFile section */

/* Begin PBXFileReference section */
		0BAE17842B9A891E0012216B /* Whats-Weather.app */ = {isa = PBXFileReference; explicitFileType = wrapper.application; includeInIndex = 0; path = "Whats-Weather.app"; sourceTree = BUILT_PRODUCTS_DIR; };
		0BAE17872B9A891E0012216B /* AppDelegate.swift */ = {isa = PBXFileReference; lastKnownFileType = sourcecode.swift; path = AppDelegate.swift; sourceTree = "<group>"; };
		0BAE17892B9A891E0012216B /* SceneDelegate.swift */ = {isa = PBXFileReference; lastKnownFileType = sourcecode.swift; path = SceneDelegate.swift; sourceTree = "<group>"; };
		0BAE178B2B9A891E0012216B /* ViewController.swift */ = {isa = PBXFileReference; lastKnownFileType = sourcecode.swift; path = ViewController.swift; sourceTree = "<group>"; };
		0BAE178E2B9A891E0012216B /* Base */ = {isa = PBXFileReference; lastKnownFileType = file.storyboard; name = Base; path = Base.lproj/Main.storyboard; sourceTree = "<group>"; };
		0BAE17902B9A89200012216B /* Assets.xcassets */ = {isa = PBXFileReference; lastKnownFileType = folder.assetcatalog; path = Assets.xcassets; sourceTree = "<group>"; };
		0BAE17932B9A89200012216B /* Base */ = {isa = PBXFileReference; lastKnownFileType = file.storyboard; name = Base; path = Base.lproj/LaunchScreen.storyboard; sourceTree = "<group>"; };
		0BAE17952B9A89210012216B /* Info.plist */ = {isa = PBXFileReference; lastKnownFileType = text.plist.xml; path = Info.plist; sourceTree = "<group>"; };
		0BAE179D2B9A8EE70012216B /* WeatherTableViewCell.swift */ = {isa = PBXFileReference; lastKnownFileType = sourcecode.swift; path = WeatherTableViewCell.swift; sourceTree = "<group>"; };
		0BAE179E2B9A8EE70012216B /* WeatherTableViewCell.xib */ = {isa = PBXFileReference; lastKnownFileType = file.xib; path = WeatherTableViewCell.xib; sourceTree = "<group>"; };
		0BAE17A12B9A8EFE0012216B /* HourlyTableViewCell.swift */ = {isa = PBXFileReference; lastKnownFileType = sourcecode.swift; path = HourlyTableViewCell.swift; sourceTree = "<group>"; };
		0BAE17A22B9A8EFE0012216B /* HourlyTableViewCell.xib */ = {isa = PBXFileReference; lastKnownFileType = file.xib; path = HourlyTableViewCell.xib; sourceTree = "<group>"; };
/* End PBXFileReference section */

/* Begin PBXFrameworksBuildPhase section */
		0BAE17812B9A891E0012216B /* Frameworks */ = {
			isa = PBXFrameworksBuildPhase;
			buildActionMask = 2147483647;
			files = (
			);
			runOnlyForDeploymentPostprocessing = 0;
		};
/* End PBXFrameworksBuildPhase section */

/* Begin PBXGroup section */
		0BAE177B2B9A891E0012216B = {
			isa = PBXGroup;
			children = (
				0BAE17862B9A891E0012216B /* Whats-Weather */,
				0BAE17852B9A891E0012216B /* Products */,
			);
			sourceTree = "<group>";
		};
		0BAE17852B9A891E0012216B /* Products */ = {
			isa = PBXGroup;
			children = (
				0BAE17842B9A891E0012216B /* Whats-Weather.app */,
			);
			name = Products;
			sourceTree = "<group>";
		};
		0BAE17862B9A891E0012216B /* Whats-Weather */ = {
			isa = PBXGroup;
			children = (
				0BAE179C2B9A8C610012216B /* HourlyCollectionCell */,
				0BAE179B2B9A8C430012216B /* WeatherCell */,
				0BAE17872B9A891E0012216B /* AppDelegate.swift */,
				0BAE17892B9A891E0012216B /* SceneDelegate.swift */,
				0BAE178B2B9A891E0012216B /* ViewController.swift */,
				0BAE178D2B9A891E0012216B /* Main.storyboard */,
				0BAE17902B9A89200012216B /* Assets.xcassets */,
				0BAE17922B9A89200012216B /* LaunchScreen.storyboard */,
				0BAE17952B9A89210012216B /* Info.plist */,
			);
			path = "Whats-Weather";
			sourceTree = "<group>";
		};
		0BAE179B2B9A8C430012216B /* WeatherCell */ = {
			isa = PBXGroup;
			children = (
				0BAE179D2B9A8EE70012216B /* WeatherTableViewCell.swift */,
				0BAE179E2B9A8EE70012216B /* WeatherTableViewCell.xib */,
			);
			path = WeatherCell;
			sourceTree = "<group>";
		};
		0BAE179C2B9A8C610012216B /* HourlyCollectionCell */ = {
			isa = PBXGroup;
			children = (
				0BAE17A12B9A8EFE0012216B /* HourlyTableViewCell.swift */,
				0BAE17A22B9A8EFE0012216B /* HourlyTableViewCell.xib */,
			);
			path = HourlyCollectionCell;
			sourceTree = "<group>";
		};
/* End PBXGroup section */

/* Begin PBXNativeTarget section */
		0BAE17832B9A891E0012216B /* Whats-Weather */ = {
			isa = PBXNativeTarget;
			buildConfigurationList = 0BAE17982B9A89210012216B /* Build configuration list for PBXNativeTarget "Whats-Weather" */;
			buildPhases = (
				0BAE17802B9A891E0012216B /* Sources */,
				0BAE17812B9A891E0012216B /* Frameworks */,
				0BAE17822B9A891E0012216B /* Resources */,
			);
			buildRules = (
			);
			dependencies = (
			);
			name = "Whats-Weather";
			productName = "Whats-Weather";
			productReference = 0BAE17842B9A891E0012216B /* Whats-Weather.app */;
			productType = "com.apple.product-type.application";
		};
/* End PBXNativeTarget section */

/* Begin PBXProject section */
		0BAE177C2B9A891E0012216B /* Project object */ = {
			isa = PBXProject;
			attributes = {
				BuildIndependentTargetsInParallel = 1;
				LastSwiftUpdateCheck = 1520;
				LastUpgradeCheck = 1520;
				TargetAttributes = {
					0BAE17832B9A891E0012216B = {
						CreatedOnToolsVersion = 15.2;
					};
				};
			};
			buildConfigurationList = 0BAE177F2B9A891E0012216B /* Build configuration list for PBXProject "Whats-Weather" */;
			compatibilityVersion = "Xcode 14.0";
			developmentRegion = en;
			hasScannedForEncodings = 0;
			knownRegions = (
				en,
				Base,
			);
			mainGroup = 0BAE177B2B9A891E0012216B;
			productRefGroup = 0BAE17852B9A891E0012216B /* Products */;
			projectDirPath = "";
			projectRoot = "";
			targets = (
				0BAE17832B9A891E0012216B /* Whats-Weather */,
			);
		};
/* End PBXProject section */

/* Begin PBXResourcesBuildPhase section */
		0BAE17822B9A891E0012216B /* Resources */ = {
			isa = PBXResourcesBuildPhase;
			buildActionMask = 2147483647;
			files = (
				0BAE17A02B9A8EE70012216B /* WeatherTableViewCell.xib in Resources */,
				0BAE17A42B9A8EFE0012216B /* HourlyTableViewCell.xib in Resources */,
				0BAE17942B9A89200012216B /* LaunchScreen.storyboard in Resources */,
				0BAE17912B9A89200012216B /* Assets.xcassets in Resources */,
				0BAE178F2B9A891E0012216B /* Main.storyboard in Resources */,
			);
			runOnlyForDeploymentPostprocessing = 0;
		};
/* End PBXResourcesBuildPhase section */

/* Begin PBXSourcesBuildPhase section */
		0BAE17802B9A891E0012216B /* Sources */ = {
			isa = PBXSourcesBuildPhase;
			buildActionMask = 2147483647;
			files = (
				0BAE179F2B9A8EE70012216B /* WeatherTableViewCell.swift in Sources */,
				0BAE178C2B9A891E0012216B /* ViewController.swift in Sources */,
				0BAE17A32B9A8EFE0012216B /* HourlyTableViewCell.swift in Sources */,
				0BAE17882B9A891E0012216B /* AppDelegate.swift in Sources */,
				0BAE178A2B9A891E0012216B /* SceneDelegate.swift in Sources */,
			);
			runOnlyForDeploymentPostprocessing = 0;
		};
/* End PBXSourcesBuildPhase section */

/* Begin PBXVariantGroup section */
		0BAE178D2B9A891E0012216B /* Main.storyboard */ = {
			isa = PBXVariantGroup;
			children = (
				0BAE178E2B9A891E0012216B /* Base */,
			);
			name = Main.storyboard;
			sourceTree = "<group>";
		};
		0BAE17922B9A89200012216B /* LaunchScreen.storyboard */ = {
			isa = PBXVariantGroup;
			children = (
				0BAE17932B9A89200012216B /* Base */,
			);
			name = LaunchScreen.storyboard;
			sourceTree = "<group>";
		};
/* End PBXVariantGroup section */

/* Begin XCBuildConfiguration section */
		0BAE17962B9A89210012216B /* Debug */ = {
			isa = XCBuildConfiguration;
			buildSettings = {
				ALWAYS_SEARCH_USER_PATHS = NO;
				ASSETCATALOG_COMPILER_GENERATE_SWIFT_ASSET_SYMBOL_EXTENSIONS = YES;
				CLANG_ANALYZER_NONNULL = YES;
				CLANG_ANALYZER_NUMBER_OBJECT_CONVERSION = YES_AGGRESSIVE;
				CLANG_CXX_LANGUAGE_STANDARD = "gnu++20";
				CLANG_ENABLE_MODULES = YES;
				CLANG_ENABLE_OBJC_ARC = YES;
				CLANG_ENABLE_OBJC_WEAK = YES;
				CLANG_WARN_BLOCK_CAPTURE_AUTORELEASING = YES;
				CLANG_WARN_BOOL_CONVERSION = YES;
				CLANG_WARN_COMMA = YES;
				CLANG_WARN_CONSTANT_CONVERSION = YES;
				CLANG_WARN_DEPRECATED_OBJC_IMPLEMENTATIONS = YES;
				CLANG_WARN_DIRECT_OBJC_ISA_USAGE = YES_ERROR;
				CLANG_WARN_DOCUMENTATION_COMMENTS = YES;
				CLANG_WARN_EMPTY_BODY = YES;
				CLANG_WARN_ENUM_CONVERSION = YES;
				CLANG_WARN_INFINITE_RECURSION = YES;
				CLANG_WARN_INT_CONVERSION = YES;
				CLANG_WARN_NON_LITERAL_NULL_CONVERSION = YES;
				CLANG_WARN_OBJC_IMPLICIT_RETAIN_SELF = YES;
				CLANG_WARN_OBJC_LITERAL_CONVERSION = YES;
				CLANG_WARN_OBJC_ROOT_CLASS = YES_ERROR;
				CLANG_WARN_QUOTED_INCLUDE_IN_FRAMEWORK_HEADER = YES;
				CLANG_WARN_RANGE_LOOP_ANALYSIS = YES;
				CLANG_WARN_STRICT_PROTOTYPES = YES;
				CLANG_WARN_SUSPICIOUS_MOVE = YES;
				CLANG_WARN_UNGUARDED_AVAILABILITY = YES_AGGRESSIVE;
				CLANG_WARN_UNREACHABLE_CODE = YES;
				CLANG_WARN__DUPLICATE_METHOD_MATCH = YES;
				COPY_PHASE_STRIP = NO;
				DEBUG_INFORMATION_FORMAT = dwarf;
				ENABLE_STRICT_OBJC_MSGSEND = YES;
				ENABLE_TESTABILITY = YES;
				ENABLE_USER_SCRIPT_SANDBOXING = YES;
				GCC_C_LANGUAGE_STANDARD = gnu17;
				GCC_DYNAMIC_NO_PIC = NO;
				GCC_NO_COMMON_BLOCKS = YES;
				GCC_OPTIMIZATION_LEVEL = 0;
				GCC_PREPROCESSOR_DEFINITIONS = (
					"DEBUG=1",
					"$(inherited)",
				);
				GCC_WARN_64_TO_32_BIT_CONVERSION = YES;
				GCC_WARN_ABOUT_RETURN_TYPE = YES_ERROR;
				GCC_WARN_UNDECLARED_SELECTOR = YES;
				GCC_WARN_UNINITIALIZED_AUTOS = YES_AGGRESSIVE;
				GCC_WARN_UNUSED_FUNCTION = YES;
				GCC_WARN_UNUSED_VARIABLE = YES;
				IPHONEOS_DEPLOYMENT_TARGET = 17.2;
				LOCALIZATION_PREFERS_STRING_CATALOGS = YES;
				MTL_ENABLE_DEBUG_INFO = INCLUDE_SOURCE;
				MTL_FAST_MATH = YES;
				ONLY_ACTIVE_ARCH = YES;
				SDKROOT = iphoneos;
				SWIFT_ACTIVE_COMPILATION_CONDITIONS = "DEBUG $(inherited)";
				SWIFT_OPTIMIZATION_LEVEL = "-Onone";
			};
			name = Debug;
		};
		0BAE17972B9A89210012216B /* Release */ = {
			isa = XCBuildConfiguration;
			buildSettings = {
				ALWAYS_SEARCH_USER_PATHS = NO;
				ASSETCATALOG_COMPILER_GENERATE_SWIFT_ASSET_SYMBOL_EXTENSIONS = YES;
				CLANG_ANALYZER_NONNULL = YES;
				CLANG_ANALYZER_NUMBER_OBJECT_CONVERSION = YES_AGGRESSIVE;
				CLANG_CXX_LANGUAGE_STANDARD = "gnu++20";
				CLANG_ENABLE_MODULES = YES;
				CLANG_ENABLE_OBJC_ARC = YES;
				CLANG_ENABLE_OBJC_WEAK = YES;
				CLANG_WARN_BLOCK_CAPTURE_AUTORELEASING = YES;
				CLANG_WARN_BOOL_CONVERSION = YES;
				CLANG_WARN_COMMA = YES;
				CLANG_WARN_CONSTANT_CONVERSION = YES;
				CLANG_WARN_DEPRECATED_OBJC_IMPLEMENTATIONS = YES;
				CLANG_WARN_DIRECT_OBJC_ISA_USAGE = YES_ERROR;
				CLANG_WARN_DOCUMENTATION_COMMENTS = YES;
				CLANG_WARN_EMPTY_BODY = YES;
				CLANG_WARN_ENUM_CONVERSION = YES;
				CLANG_WARN_INFINITE_RECURSION = YES;
				CLANG_WARN_INT_CONVERSION = YES;
				CLANG_WARN_NON_LITERAL_NULL_CONVERSION = YES;
				CLANG_WARN_OBJC_IMPLICIT_RETAIN_SELF = YES;
				CLANG_WARN_OBJC_LITERAL_CONVERSION = YES;
				CLANG_WARN_OBJC_ROOT_CLASS = YES_ERROR;
				CLANG_WARN_QUOTED_INCLUDE_IN_FRAMEWORK_HEADER = YES;
				CLANG_WARN_RANGE_LOOP_ANALYSIS = YES;
				CLANG_WARN_STRICT_PROTOTYPES = YES;
				CLANG_WARN_SUSPICIOUS_MOVE = YES;
				CLANG_WARN_UNGUARDED_AVAILABILITY = YES_AGGRESSIVE;
				CLANG_WARN_UNREACHABLE_CODE = YES;
				CLANG_WARN__DUPLICATE_METHOD_MATCH = YES;
				COPY_PHASE_STRIP = NO;
				DEBUG_INFORMATION_FORMAT = "dwarf-with-dsym";
				ENABLE_NS_ASSERTIONS = NO;
				ENABLE_STRICT_OBJC_MSGSEND = YES;
				ENABLE_USER_SCRIPT_SANDBOXING = YES;
				GCC_C_LANGUAGE_STANDARD = gnu17;
				GCC_NO_COMMON_BLOCKS = YES;
				GCC_WARN_64_TO_32_BIT_CONVERSION = YES;
				GCC_WARN_ABOUT_RETURN_TYPE = YES_ERROR;
				GCC_WARN_UNDECLARED_SELECTOR = YES;
				GCC_WARN_UNINITIALIZED_AUTOS = YES_AGGRESSIVE;
				GCC_WARN_UNUSED_FUNCTION = YES;
				GCC_WARN_UNUSED_VARIABLE = YES;
				IPHONEOS_DEPLOYMENT_TARGET = 17.2;
				LOCALIZATION_PREFERS_STRING_CATALOGS = YES;
				MTL_ENABLE_DEBUG_INFO = NO;
				MTL_FAST_MATH = YES;
				SDKROOT = iphoneos;
				SWIFT_COMPILATION_MODE = wholemodule;
				VALIDATE_PRODUCT = YES;
			};
			name = Release;
		};
		0BAE17992B9A89210012216B /* Debug */ = {
			isa = XCBuildConfiguration;
			buildSettings = {
				ASSETCATALOG_COMPILER_APPICON_NAME = AppIcon;
				ASSETCATALOG_COMPILER_GLOBAL_ACCENT_COLOR_NAME = AccentColor;
				CODE_SIGN_STYLE = Automatic;
				CURRENT_PROJECT_VERSION = 1;
				DEVELOPMENT_TEAM = 9GYT84A63K;
				GENERATE_INFOPLIST_FILE = YES;
				INFOPLIST_FILE = "Whats-Weather/Info.plist";
				INFOPLIST_KEY_UIApplicationSupportsIndirectInputEvents = YES;
				INFOPLIST_KEY_UILaunchStoryboardName = LaunchScreen;
				INFOPLIST_KEY_UIMainStoryboardFile = Main;
				INFOPLIST_KEY_UISupportedInterfaceOrientations_iPad = "UIInterfaceOrientationPortrait UIInterfaceOrientationPortraitUpsideDown UIInterfaceOrientationLandscapeLeft UIInterfaceOrientationLandscapeRight";
				INFOPLIST_KEY_UISupportedInterfaceOrientations_iPhone = "UIInterfaceOrientationPortrait UIInterfaceOrientationLandscapeLeft UIInterfaceOrientationLandscapeRight";
				LD_RUNPATH_SEARCH_PATHS = (
					"$(inherited)",
					"@executable_path/Frameworks",
				);
				MARKETING_VERSION = 1.0;
				PRODUCT_BUNDLE_IDENTIFIER = "com.akshit.Whats-Weather";
				PRODUCT_NAME = "$(TARGET_NAME)";
				SWIFT_EMIT_LOC_STRINGS = YES;
				SWIFT_VERSION = 5.0;
				TARGETED_DEVICE_FAMILY = "1,2";
			};
			name = Debug;
		};
		0BAE179A2B9A89210012216B /* Release */ = {
			isa = XCBuildConfiguration;
			buildSettings = {
				ASSETCATALOG_COMPILER_APPICON_NAME = AppIcon;
				ASSETCATALOG_COMPILER_GLOBAL_ACCENT_COLOR_NAME = AccentColor;
				CODE_SIGN_STYLE = Automatic;
				CURRENT_PROJECT_VERSION = 1;
				DEVELOPMENT_TEAM = 9GYT84A63K;
				GENERATE_INFOPLIST_FILE = YES;
				INFOPLIST_FILE = "Whats-Weather/Info.plist";
				INFOPLIST_KEY_UIApplicationSupportsIndirectInputEvents = YES;
				INFOPLIST_KEY_UILaunchStoryboardName = LaunchScreen;
				INFOPLIST_KEY_UIMainStoryboardFile = Main;
				INFOPLIST_KEY_UISupportedInterfaceOrientations_iPad = "UIInterfaceOrientationPortrait UIInterfaceOrientationPortraitUpsideDown UIInterfaceOrientationLandscapeLeft UIInterfaceOrientationLandscapeRight";
				INFOPLIST_KEY_UISupportedInterfaceOrientations_iPhone = "UIInterfaceOrientationPortrait UIInterfaceOrientationLandscapeLeft UIInterfaceOrientationLandscapeRight";
				LD_RUNPATH_SEARCH_PATHS = (
					"$(inherited)",
					"@executable_path/Frameworks",
				);
				MARKETING_VERSION = 1.0;
				PRODUCT_BUNDLE_IDENTIFIER = "com.akshit.Whats-Weather";
				PRODUCT_NAME = "$(TARGET_NAME)";
				SWIFT_EMIT_LOC_STRINGS = YES;
				SWIFT_VERSION = 5.0;
				TARGETED_DEVICE_FAMILY = "1,2";
			};
			name = Release;
		};
/* End XCBuildConfiguration section */

/* Begin XCConfigurationList section */
		0BAE177F2B9A891E0012216B /* Build configuration list for PBXProject "Whats-Weather" */ = {
			isa = XCConfigurationList;
			buildConfigurations = (
				0BAE17962B9A89210012216B /* Debug */,
				0BAE17972B9A89210012216B /* Release */,
			);
			defaultConfigurationIsVisible = 0;
			defaultConfigurationName = Release;
		};
		0BAE17982B9A89210012216B /* Build configuration list for PBXNativeTarget "Whats-Weather" */ = {
			isa = XCConfigurationList;
			buildConfigurations = (
				0BAE17992B9A89210012216B /* Debug */,
				0BAE179A2B9A89210012216B /* Release */,
			);
			defaultConfigurationIsVisible = 0;
			defaultConfigurationName = Release;
		};
/* End XCConfigurationList section */
	};
	rootObject = 0BAE177C2B9A891E0012216B /* Project object */;
}
